// !$*UTF8*$!
{
	archiveVersion = 1;
	classes = {
	};
	objectVersion = 46;
	objects = {

/* Begin PBXBuildFile section */
		97A3D3031A0C87AD0098C6A2 /* Foundation.framework in Frameworks */ = {isa = PBXBuildFile; fileRef = 97A3D3021A0C87AD0098C6A2 /* Foundation.framework */; };
		97A3D3051A0C87AD0098C6A2 /* CoreGraphics.framework in Frameworks */ = {isa = PBXBuildFile; fileRef = 97A3D3041A0C87AD0098C6A2 /* CoreGraphics.framework */; };
		97A3D3071A0C87AD0098C6A2 /* UIKit.framework in Frameworks */ = {isa = PBXBuildFile; fileRef = 97A3D3061A0C87AD0098C6A2 /* UIKit.framework */; };
		97A3D30D1A0C87AD0098C6A2 /* InfoPlist.strings in Resources */ = {isa = PBXBuildFile; fileRef = 97A3D30B1A0C87AD0098C6A2 /* InfoPlist.strings */; };
		97A3D30F1A0C87AD0098C6A2 /* main.m in Sources */ = {isa = PBXBuildFile; fileRef = 97A3D30E1A0C87AD0098C6A2 /* main.m */; };
		97A3D3131A0C87AD0098C6A2 /* AppDelegate.m in Sources */ = {isa = PBXBuildFile; fileRef = 97A3D3121A0C87AD0098C6A2 /* AppDelegate.m */; };
		97A3D3161A0C87AD0098C6A2 /* Main_iPhone.storyboard in Resources */ = {isa = PBXBuildFile; fileRef = 97A3D3141A0C87AD0098C6A2 /* Main_iPhone.storyboard */; };
		97A3D3191A0C87AD0098C6A2 /* Main_iPad.storyboard in Resources */ = {isa = PBXBuildFile; fileRef = 97A3D3171A0C87AD0098C6A2 /* Main_iPad.storyboard */; };
		97A3D31C1A0C87AD0098C6A2 /* ViewController.m in Sources */ = {isa = PBXBuildFile; fileRef = 97A3D31B1A0C87AD0098C6A2 /* ViewController.m */; };
		97A3D31E1A0C87AD0098C6A2 /* Images.xcassets in Resources */ = {isa = PBXBuildFile; fileRef = 97A3D31D1A0C87AD0098C6A2 /* Images.xcassets */; };
		97A3D3251A0C87AD0098C6A2 /* XCTest.framework in Frameworks */ = {isa = PBXBuildFile; fileRef = 97A3D3241A0C87AD0098C6A2 /* XCTest.framework */; };
		97A3D3261A0C87AD0098C6A2 /* Foundation.framework in Frameworks */ = {isa = PBXBuildFile; fileRef = 97A3D3021A0C87AD0098C6A2 /* Foundation.framework */; };
		97A3D3271A0C87AD0098C6A2 /* UIKit.framework in Frameworks */ = {isa = PBXBuildFile; fileRef = 97A3D3061A0C87AD0098C6A2 /* UIKit.framework */; };
		97A3D32F1A0C87AD0098C6A2 /* InfoPlist.strings in Resources */ = {isa = PBXBuildFile; fileRef = 97A3D32D1A0C87AD0098C6A2 /* InfoPlist.strings */; };
		97A3D3311A0C87AD0098C6A2 /* gitTestTests.m in Sources */ = {isa = PBXBuildFile; fileRef = 97A3D3301A0C87AD0098C6A2 /* gitTestTests.m */; };
/* End PBXBuildFile section */

/* Begin PBXContainerItemProxy section */
		97A3D3281A0C87AD0098C6A2 /* PBXContainerItemProxy */ = {
			isa = PBXContainerItemProxy;
			containerPortal = 97A3D2F71A0C87AD0098C6A2 /* Project object */;
			proxyType = 1;
			remoteGlobalIDString = 97A3D2FE1A0C87AD0098C6A2;
			remoteInfo = gitTest;
		};
/* End PBXContainerItemProxy section */

/* Begin PBXFileReference section */
		97A3D2FF1A0C87AD0098C6A2 /* gitTest.app */ = {isa = PBXFileReference; explicitFileType = wrapper.application; includeInIndex = 0; path = gitTest.app; sourceTree = BUILT_PRODUCTS_DIR; };
		97A3D3021A0C87AD0098C6A2 /* Foundation.framework */ = {isa = PBXFileReference; lastKnownFileType = wrapper.framework; name = Foundation.framework; path = System/Library/Frameworks/Foundation.framework; sourceTree = SDKROOT; };
		97A3D3041A0C87AD0098C6A2 /* CoreGraphics.framework */ = {isa = PBXFileReference; lastKnownFileType = wrapper.framework; name = CoreGraphics.framework; path = System/Library/Frameworks/CoreGraphics.framework; sourceTree = SDKROOT; };
		97A3D3061A0C87AD0098C6A2 /* UIKit.framework */ = {isa = PBXFileReference; lastKnownFileType = wrapper.framework; name = UIKit.framework; path = System/Library/Frameworks/UIKit.framework; sourceTree = SDKROOT; };
		97A3D30A1A0C87AD0098C6A2 /* gitTest-Info.plist */ = {isa = PBXFileReference; lastKnownFileType = text.plist.xml; path = "gitTest-Info.plist"; sourceTree = "<group>"; };
		97A3D30C1A0C87AD0098C6A2 /* en */ = {isa = PBXFileReference; lastKnownFileType = text.plist.strings; name = en; path = en.lproj/InfoPlist.strings; sourceTree = "<group>"; };
		97A3D30E1A0C87AD0098C6A2 /* main.m */ = {isa = PBXFileReference; lastKnownFileType = sourcecode.c.objc; path = main.m; sourceTree = "<group>"; };
		97A3D3101A0C87AD0098C6A2 /* gitTest-Prefix.pch */ = {isa = PBXFileReference; lastKnownFileType = sourcecode.c.h; path = "gitTest-Prefix.pch"; sourceTree = "<group>"; };
		97A3D3111A0C87AD0098C6A2 /* AppDelegate.h */ = {isa = PBXFileReference; lastKnownFileType = sourcecode.c.h; path = AppDelegate.h; sourceTree = "<group>"; };
		97A3D3121A0C87AD0098C6A2 /* AppDelegate.m */ = {isa = PBXFileReference; lastKnownFileType = sourcecode.c.objc; path = AppDelegate.m; sourceTree = "<group>"; };
		97A3D3151A0C87AD0098C6A2 /* Base */ = {isa = PBXFileReference; lastKnownFileType = file.storyboard; name = Base; path = Base.lproj/Main_iPhone.storyboard; sourceTree = "<group>"; };
		97A3D3181A0C87AD0098C6A2 /* Base */ = {isa = PBXFileReference; lastKnownFileType = file.storyboard; name = Base; path = Base.lproj/Main_iPad.storyboard; sourceTree = "<group>"; };
		97A3D31A1A0C87AD0098C6A2 /* ViewController.h */ = {isa = PBXFileReference; lastKnownFileType = sourcecode.c.h; path = ViewController.h; sourceTree = "<group>"; };
		97A3D31B1A0C87AD0098C6A2 /* ViewController.m */ = {isa = PBXFileReference; lastKnownFileType = sourcecode.c.objc; path = ViewController.m; sourceTree = "<group>"; };
		97A3D31D1A0C87AD0098C6A2 /* Images.xcassets */ = {isa = PBXFileReference; lastKnownFileType = folder.assetcatalog; path = Images.xcassets; sourceTree = "<group>"; };
		97A3D3231A0C87AD0098C6A2 /* gitTestTests.xctest */ = {isa = PBXFileReference; explicitFileType = wrapper.cfbundle; includeInIndex = 0; path = gitTestTests.xctest; sourceTree = BUILT_PRODUCTS_DIR; };
		97A3D3241A0C87AD0098C6A2 /* XCTest.framework */ = {isa = PBXFileReference; lastKnownFileType = wrapper.framework; name = XCTest.framework; path = Library/Frameworks/XCTest.framework; sourceTree = DEVELOPER_DIR; };
		97A3D32C1A0C87AD0098C6A2 /* gitTestTests-Info.plist */ = {isa = PBXFileReference; lastKnownFileType = text.plist.xml; path = "gitTestTests-Info.plist"; sourceTree = "<group>"; };
		97A3D32E1A0C87AD0098C6A2 /* en */ = {isa = PBXFileReference; lastKnownFileType = text.plist.strings; name = en; path = en.lproj/InfoPlist.strings; sourceTree = "<group>"; };
		97A3D3301A0C87AD0098C6A2 /* gitTestTests.m */ = {isa = PBXFileReference; lastKnownFileType = sourcecode.c.objc; path = gitTestTests.m; sourceTree = "<group>"; };
/* End PBXFileReference section */

/* Begin PBXFrameworksBuildPhase section */
		97A3D2FC1A0C87AD0098C6A2 /* Frameworks */ = {
			isa = PBXFrameworksBuildPhase;
			buildActionMask = 2147483647;
			files = (
				97A3D3051A0C87AD0098C6A2 /* CoreGraphics.framework in Frameworks */,
				97A3D3071A0C87AD0098C6A2 /* UIKit.framework in Frameworks */,
				97A3D3031A0C87AD0098C6A2 /* Foundation.framework in Frameworks */,
			);
			runOnlyForDeploymentPostprocessing = 0;
		};
		97A3D3201A0C87AD0098C6A2 /* Frameworks */ = {
			isa = PBXFrameworksBuildPhase;
			buildActionMask = 2147483647;
			files = (
				97A3D3251A0C87AD0098C6A2 /* XCTest.framework in Frameworks */,
				97A3D3271A0C87AD0098C6A2 /* UIKit.framework in Frameworks */,
				97A3D3261A0C87AD0098C6A2 /* Foundation.framework in Frameworks */,
			);
			runOnlyForDeploymentPostprocessing = 0;
		};
/* End PBXFrameworksBuildPhase section */

/* Begin PBXGroup section */
		97A3D2F61A0C87AD0098C6A2 = {
			isa = PBXGroup;
			children = (
				97A3D3081A0C87AD0098C6A2 /* gitTest */,
				97A3D32A1A0C87AD0098C6A2 /* gitTestTests */,
				97A3D3011A0C87AD0098C6A2 /* Frameworks */,
				97A3D3001A0C87AD0098C6A2 /* Products */,
			);
			sourceTree = "<group>";
		};
		97A3D3001A0C87AD0098C6A2 /* Products */ = {
			isa = PBXGroup;
			children = (
				97A3D2FF1A0C87AD0098C6A2 /* gitTest.app */,
				97A3D3231A0C87AD0098C6A2 /* gitTestTests.xctest */,
			);
			name = Products;
			sourceTree = "<group>";
		};
		97A3D3011A0C87AD0098C6A2 /* Frameworks */ = {
			isa = PBXGroup;
			children = (
				97A3D3021A0C87AD0098C6A2 /* Foundation.framework */,
				97A3D3041A0C87AD0098C6A2 /* CoreGraphics.framework */,
				97A3D3061A0C87AD0098C6A2 /* UIKit.framework */,
				97A3D3241A0C87AD0098C6A2 /* XCTest.framework */,
			);
			name = Frameworks;
			sourceTree = "<group>";
		};
		97A3D3081A0C87AD0098C6A2 /* gitTest */ = {
			isa = PBXGroup;
			children = (
				97A3D3111A0C87AD0098C6A2 /* AppDelegate.h */,
				97A3D3121A0C87AD0098C6A2 /* AppDelegate.m */,
				97A3D3141A0C87AD0098C6A2 /* Main_iPhone.storyboard */,
				97A3D3171A0C87AD0098C6A2 /* Main_iPad.storyboard */,
				97A3D31A1A0C87AD0098C6A2 /* ViewController.h */,
				97A3D31B1A0C87AD0098C6A2 /* ViewController.m */,
				97A3D31D1A0C87AD0098C6A2 /* Images.xcassets */,
				97A3D3091A0C87AD0098C6A2 /* Supporting Files */,
			);
			path = gitTest;
			sourceTree = "<group>";
		};
		97A3D3091A0C87AD0098C6A2 /* Supporting Files */ = {
			isa = PBXGroup;
			children = (
				97A3D30A1A0C87AD0098C6A2 /* gitTest-Info.plist */,
				97A3D30B1A0C87AD0098C6A2 /* InfoPlist.strings */,
				97A3D30E1A0C87AD0098C6A2 /* main.m */,
				97A3D3101A0C87AD0098C6A2 /* gitTest-Prefix.pch */,
			);
			name = "Supporting Files";
			sourceTree = "<group>";
		};
		97A3D32A1A0C87AD0098C6A2 /* gitTestTests */ = {
			isa = PBXGroup;
			children = (
				97A3D3301A0C87AD0098C6A2 /* gitTestTests.m */,
				97A3D32B1A0C87AD0098C6A2 /* Supporting Files */,
			);
			path = gitTestTests;
			sourceTree = "<group>";
		};
		97A3D32B1A0C87AD0098C6A2 /* Supporting Files */ = {
			isa = PBXGroup;
			children = (
				97A3D32C1A0C87AD0098C6A2 /* gitTestTests-Info.plist */,
				97A3D32D1A0C87AD0098C6A2 /* InfoPlist.strings */,
			);
			name = "Supporting Files";
			sourceTree = "<group>";
		};
/* End PBXGroup section */

/* Begin PBXNativeTarget section */
		97A3D2FE1A0C87AD0098C6A2 /* gitTest */ = {
			isa = PBXNativeTarget;
			buildConfigurationList = 97A3D3341A0C87AD0098C6A2 /* Build configuration list for PBXNativeTarget "gitTest" */;
			buildPhases = (
				97A3D2FB1A0C87AD0098C6A2 /* Sources */,
				97A3D2FC1A0C87AD0098C6A2 /* Frameworks */,
				97A3D2FD1A0C87AD0098C6A2 /* Resources */,
			);
			buildRules = (
			);
			dependencies = (
			);
			name = gitTest;
			productName = gitTest;
			productReference = 97A3D2FF1A0C87AD0098C6A2 /* gitTest.app */;
			productType = "com.apple.product-type.application";
		};
		97A3D3221A0C87AD0098C6A2 /* gitTestTests */ = {
			isa = PBXNativeTarget;
			buildConfigurationList = 97A3D3371A0C87AD0098C6A2 /* Build configuration list for PBXNativeTarget "gitTestTests" */;
			buildPhases = (
				97A3D31F1A0C87AD0098C6A2 /* Sources */,
				97A3D3201A0C87AD0098C6A2 /* Frameworks */,
				97A3D3211A0C87AD0098C6A2 /* Resources */,
			);
			buildRules = (
			);
			dependencies = (
				97A3D3291A0C87AD0098C6A2 /* PBXTargetDependency */,
			);
			name = gitTestTests;
			productName = gitTestTests;
			productReference = 97A3D3231A0C87AD0098C6A2 /* gitTestTests.xctest */;
			productType = "com.apple.product-type.bundle.unit-test";
		};
/* End PBXNativeTarget section */

/* Begin PBXProject section */
		97A3D2F71A0C87AD0098C6A2 /* Project object */ = {
			isa = PBXProject;
			attributes = {
				LastUpgradeCheck = 0510;
				ORGANIZATIONNAME = KT;
				TargetAttributes = {
					97A3D3221A0C87AD0098C6A2 = {
						TestTargetID = 97A3D2FE1A0C87AD0098C6A2;
					};
				};
			};
			buildConfigurationList = 97A3D2FA1A0C87AD0098C6A2 /* Build configuration list for PBXProject "gitTest" */;
			compatibilityVersion = "Xcode 3.2";
			developmentRegion = English;
			hasScannedForEncodings = 0;
			knownRegions = (
				en,
				Base,
			);
			mainGroup = 97A3D2F61A0C87AD0098C6A2;
			productRefGroup = 97A3D3001A0C87AD0098C6A2 /* Products */;
			projectDirPath = "";
			projectRoot = "";
			targets = (
				97A3D2FE1A0C87AD0098C6A2 /* gitTest */,
				97A3D3221A0C87AD0098C6A2 /* gitTestTests */,
			);
		};
/* End PBXProject section */

/* Begin PBXResourcesBuildPhase section */
		97A3D2FD1A0C87AD0098C6A2 /* Resources */ = {
			isa = PBXResourcesBuildPhase;
			buildActionMask = 2147483647;
			files = (
				97A3D3191A0C87AD0098C6A2 /* Main_iPad.storyboard in Resources */,
				97A3D31E1A0C87AD0098C6A2 /* Images.xcassets in Resources */,
				97A3D3161A0C87AD0098C6A2 /* Main_iPhone.storyboard in Resources */,
				97A3D30D1A0C87AD0098C6A2 /* InfoPlist.strings in Resources */,
			);
			runOnlyForDeploymentPostprocessing = 0;
		};
		97A3D3211A0C87AD0098C6A2 /* Resources */ = {
			isa = PBXResourcesBuildPhase;
			buildActionMask = 2147483647;
			files = (
				97A3D32F1A0C87AD0098C6A2 /* InfoPlist.strings in Resources */,
			);
			runOnlyForDeploymentPostprocessing = 0;
		};
/* End PBXResourcesBuildPhase section */

/* Begin PBXSourcesBuildPhase section */
		97A3D2FB1A0C87AD0098C6A2 /* Sources */ = {
			isa = PBXSourcesBuildPhase;
			buildActionMask = 2147483647;
			files = (
				97A3D31C1A0C87AD0098C6A2 /* ViewController.m in Sources */,
				97A3D3131A0C87AD0098C6A2 /* AppDelegate.m in Sources */,
				97A3D30F1A0C87AD0098C6A2 /* main.m in Sources */,
			);
			runOnlyForDeploymentPostprocessing = 0;
		};
		97A3D31F1A0C87AD0098C6A2 /* Sources */ = {
			isa = PBXSourcesBuildPhase;
			buildActionMask = 2147483647;
			files = (
				97A3D3311A0C87AD0098C6A2 /* gitTestTests.m in Sources */,
			);
			runOnlyForDeploymentPostprocessing = 0;
		};
/* End PBXSourcesBuildPhase section */

/* Begin PBXTargetDependency section */
		97A3D3291A0C87AD0098C6A2 /* PBXTargetDependency */ = {
			isa = PBXTargetDependency;
			target = 97A3D2FE1A0C87AD0098C6A2 /* gitTest */;
			targetProxy = 97A3D3281A0C87AD0098C6A2 /* PBXContainerItemProxy */;
		};
/* End PBXTargetDependency section */

/* Begin PBXVariantGroup section */
		97A3D30B1A0C87AD0098C6A2 /* InfoPlist.strings */ = {
			isa = PBXVariantGroup;
			children = (
				97A3D30C1A0C87AD0098C6A2 /* en */,
			);
			name = InfoPlist.strings;
			sourceTree = "<group>";
		};
		97A3D3141A0C87AD0098C6A2 /* Main_iPhone.storyboard */ = {
			isa = PBXVariantGroup;
			children = (
				97A3D3151A0C87AD0098C6A2 /* Base */,
			);
			name = Main_iPhone.storyboard;
			sourceTree = "<group>";
		};
		97A3D3171A0C87AD0098C6A2 /* Main_iPad.storyboard */ = {
			isa = PBXVariantGroup;
			children = (
				97A3D3181A0C87AD0098C6A2 /* Base */,
			);
			name = Main_iPad.storyboard;
			sourceTree = "<group>";
		};
		97A3D32D1A0C87AD0098C6A2 /* InfoPlist.strings */ = {
			isa = PBXVariantGroup;
			children = (
				97A3D32E1A0C87AD0098C6A2 /* en */,
			);
			name = InfoPlist.strings;
			sourceTree = "<group>";
		};
/* End PBXVariantGroup section */

/* Begin XCBuildConfiguration section */
		97A3D3321A0C87AD0098C6A2 /* Debug */ = {
			isa = XCBuildConfiguration;
			buildSettings = {
				ALWAYS_SEARCH_USER_PATHS = NO;
				CLANG_CXX_LANGUAGE_STANDARD = "gnu++0x";
				CLANG_CXX_LIBRARY = "libc++";
				CLANG_ENABLE_MODULES = YES;
				CLANG_ENABLE_OBJC_ARC = YES;
				CLANG_WARN_BOOL_CONVERSION = YES;
				CLANG_WARN_CONSTANT_CONVERSION = YES;
				CLANG_WARN_DIRECT_OBJC_ISA_USAGE = YES_ERROR;
				CLANG_WARN_EMPTY_BODY = YES;
				CLANG_WARN_ENUM_CONVERSION = YES;
				CLANG_WARN_INT_CONVERSION = YES;
				CLANG_WARN_OBJC_ROOT_CLASS = YES_ERROR;
				CLANG_WARN__DUPLICATE_METHOD_MATCH = YES;
				"CODE_SIGN_IDENTITY[sdk=iphoneos*]" = "iPhone Developer";
				COPY_PHASE_STRIP = NO;
				GCC_C_LANGUAGE_STANDARD = gnu99;
				GCC_DYNAMIC_NO_PIC = NO;
				GCC_OPTIMIZATION_LEVEL = 0;
				GCC_PREPROCESSOR_DEFINITIONS = (
					"DEBUG=1",
					"$(inherited)",
				);
				GCC_SYMBOLS_PRIVATE_EXTERN = NO;
				GCC_WARN_64_TO_32_BIT_CONVERSION = YES;
				GCC_WARN_ABOUT_RETURN_TYPE = YES_ERROR;
				GCC_WARN_UNDECLARED_SELECTOR = YES;
				GCC_WARN_UNINITIALIZED_AUTOS = YES_AGGRESSIVE;
				GCC_WARN_UNUSED_FUNCTION = YES;
				GCC_WARN_UNUSED_VARIABLE = YES;
				IPHONEOS_DEPLOYMENT_TARGET = 7.1;
				ONLY_ACTIVE_ARCH = YES;
				SDKROOT = iphoneos;
				TARGETED_DEVICE_FAMILY = "1,2";
			};
			name = Debug;
		};
		97A3D3331A0C87AD0098C6A2 /* Release */ = {
			isa = XCBuildConfiguration;
			buildSettings = {
				ALWAYS_SEARCH_USER_PATHS = NO;
				CLANG_CXX_LANGUAGE_STANDARD = "gnu++0x";
				CLANG_CXX_LIBRARY = "libc++";
				CLANG_ENABLE_MODULES = YES;
				CLANG_ENABLE_OBJC_ARC = YES;
				CLANG_WARN_BOOL_CONVERSION = YES;
				CLANG_WARN_CONSTANT_CONVERSION = YES;
				CLANG_WARN_DIRECT_OBJC_ISA_USAGE = YES_ERROR;
				CLANG_WARN_EMPTY_BODY = YES;
				CLANG_WARN_ENUM_CONVERSION = YES;
				CLANG_WARN_INT_CONVERSION = YES;
				CLANG_WARN_OBJC_ROOT_CLASS = YES_ERROR;
				CLANG_WARN__DUPLICATE_METHOD_MATCH = YES;
				"CODE_SIGN_IDENTITY[sdk=iphoneos*]" = "iPhone Developer";
				COPY_PHASE_STRIP = YES;
				ENABLE_NS_ASSERTIONS = NO;
				GCC_C_LANGUAGE_STANDARD = gnu99;
				GCC_WARN_64_TO_32_BIT_CONVERSION = YES;
				GCC_WARN_ABOUT_RETURN_TYPE = YES_ERROR;
				GCC_WARN_UNDECLARED_SELECTOR = YES;
				GCC_WARN_UNINITIALIZED_AUTOS = YES_AGGRESSIVE;
				GCC_WARN_UNUSED_FUNCTION = YES;
				GCC_WARN_UNUSED_VARIABLE = YES;
				IPHONEOS_DEPLOYMENT_TARGET = 7.1;
				SDKROOT = iphoneos;
				TARGETED_DEVICE_FAMILY = "1,2";
				VALIDATE_PRODUCT = YES;
			};
			name = Release;
		};
		97A3D3351A0C87AD0098C6A2 /* Debug */ = {
			isa = XCBuildConfiguration;
			buildSettings = {
				ASSETCATALOG_COMPILER_APPICON_NAME = AppIcon;
				ASSETCATALOG_COMPILER_LAUNCHIMAGE_NAME = LaunchImage;
				GCC_PRECOMPILE_PREFIX_HEADER = YES;
				GCC_PREFIX_HEADER = "gitTest/gitTest-Prefix.pch";
				INFOPLIST_FILE = "gitTest/gitTest-Info.plist";
				PRODUCT_NAME = "$(TARGET_NAME)";
				WRAPPER_EXTENSION = app;
			};
			name = Debug;
		};
		97A3D3361A0C87AD0098C6A2 /* Release */ = {
			isa = XCBuildConfiguration;
			buildSettings = {
				ASSETCATALOG_COMPILER_APPICON_NAME = AppIcon;
				ASSETCATALOG_COMPILER_LAUNCHIMAGE_NAME = LaunchImage;
				GCC_PRECOMPILE_PREFIX_HEADER = YES;
				GCC_PREFIX_HEADER = "gitTest/gitTest-Prefix.pch";
				INFOPLIST_FILE = "gitTest/gitTest-Info.plist";
				PRODUCT_NAME = "$(TARGET_NAME)";
				WRAPPER_EXTENSION = app;
			};
			name = Release;
		};
		97A3D3381A0C87AD0098C6A2 /* Debug */ = {
			isa = XCBuildConfiguration;
			buildSettings = {
				BUNDLE_LOADER = "$(BUILT_PRODUCTS_DIR)/gitTest.app/gitTest";
				FRAMEWORK_SEARCH_PATHS = (
					"$(SDKROOT)/Developer/Library/Frameworks",
					"$(inherited)",
					"$(DEVELOPER_FRAMEWORKS_DIR)",
				);
				GCC_PRECOMPILE_PREFIX_HEADER = YES;
				GCC_PREFIX_HEADER = "gitTest/gitTest-Prefix.pch";
				GCC_PREPROCESSOR_DEFINITIONS = (
					"DEBUG=1",
					"$(inherited)",
				);
				INFOPLIST_FILE = "gitTestTests/gitTestTests-Info.plist";
				PRODUCT_NAME = "$(TARGET_NAME)";
				TEST_HOST = "$(BUNDLE_LOADER)";
				WRAPPER_EXTENSION = xctest;
			};
			name = Debug;
		};
		97A3D3391A0C87AD0098C6A2 /* Release */ = {
			isa = XCBuildConfiguration;
			buildSettings = {
				BUNDLE_LOADER = "$(BUILT_PRODUCTS_DIR)/gitTest.app/gitTest";
				FRAMEWORK_SEARCH_PATHS = (
					"$(SDKROOT)/Developer/Library/Frameworks",
					"$(inherited)",
					"$(DEVELOPER_FRAMEWORKS_DIR)",
				);
				GCC_PRECOMPILE_PREFIX_HEADER = YES;
				GCC_PREFIX_HEADER = "gitTest/gitTest-Prefix.pch";
				INFOPLIST_FILE = "gitTestTests/gitTestTests-Info.plist";
				PRODUCT_NAME = "$(TARGET_NAME)";
				TEST_HOST = "$(BUNDLE_LOADER)";
				WRAPPER_EXTENSION = xctest;
			};
			name = Release;
		};
/* End XCBuildConfiguration section */

/* Begin XCConfigurationList section */
		97A3D2FA1A0C87AD0098C6A2 /* Build configuration list for PBXProject "gitTest" */ = {
			isa = XCConfigurationList;
			buildConfigurations = (
				97A3D3321A0C87AD0098C6A2 /* Debug */,
				97A3D3331A0C87AD0098C6A2 /* Release */,
			);
			defaultConfigurationIsVisible = 0;
			defaultConfigurationName = Release;
		};
		97A3D3341A0C87AD0098C6A2 /* Build configuration list for PBXNativeTarget "gitTest" */ = {
			isa = XCConfigurationList;
			buildConfigurations = (
				97A3D3351A0C87AD0098C6A2 /* Debug */,
				97A3D3361A0C87AD0098C6A2 /* Release */,
			);
			defaultConfigurationIsVisible = 0;
		};
		97A3D3371A0C87AD0098C6A2 /* Build configuration list for PBXNativeTarget "gitTestTests" */ = {
			isa = XCConfigurationList;
			buildConfigurations = (
				97A3D3381A0C87AD0098C6A2 /* Debug */,
				97A3D3391A0C87AD0098C6A2 /* Release */,
			);
			defaultConfigurationIsVisible = 0;
		};
/* End XCConfigurationList section */
	};
	rootObject = 97A3D2F71A0C87AD0098C6A2 /* Project object */;
}
